
Microsoft Visual Studio Solution File, Format Version 12.00
# Visual Studio Version 17
VisualStudioVersion = 17.14.36717.8
MinimumVisualStudioVersion = 10.0.40219.1
Project("{2150E333-8FDC-42A3-9474-1A3956D46DE8}") = "Class Libraries", "Class Libraries", "{7B7B800E-F137-767A-B102-F9B4B78D850C}"
EndProject
Project("{2150E333-8FDC-42A3-9474-1A3956D46DE8}") = "Console Projects", "Console Projects", "{9D6C0E72-28F9-ACA9-75EC-2FE7E821B664}"
EndProject
Project("{FAE04EC0-301F-11D3-BF4B-00C04F79EFBC}") = "BasicObjectsExamples", "BasicObjectsExamples\BasicObjectsExamples.csproj", "{57648A8D-8E68-B818-B86B-08C76C8C3E2D}"
EndProject
Project("{2150E333-8FDC-42A3-9474-1A3956D46DE8}") = "Solution Items", "Solution Items", "{089100B1-113F-4E66-888A-E83F3999EAFD}"
	ProjectSection(SolutionItems) = preProject
		LICENSE.md = LICENSE.md
		localWindow.md = localWindow.md
		readme.md = readme.md
		VisualStudioOptions.md = VisualStudioOptions.md
	EndProjectSection
EndProject
Project("{FAE04EC0-301F-11D3-BF4B-00C04F79EFBC}") = "SpectreConsoleLibrary", "SpectreConsoleLibrary\SpectreConsoleLibrary.csproj", "{7BD0869D-E986-E050-906F-38F3668DFD88}"
EndProject
Project("{FAE04EC0-301F-11D3-BF4B-00C04F79EFBC}") = "CommonHelpersLibrary", "CommonHelpersLibrary\CommonHelpersLibrary.csproj", "{D9FA3FA3-2B8F-DE71-1200-D75B80C6D245}"
EndProject
Project("{FAE04EC0-301F-11D3-BF4B-00C04F79EFBC}") = "BogusLibrary", "BogusLibrary\BogusLibrary.csproj", "{DDCA03E2-2BF7-E29B-55B5-4E176BCBCA9E}"
EndProject
Project("{FAE04EC0-301F-11D3-BF4B-00C04F79EFBC}") = "ByRefExamples", "ByRefExamples\ByRefExamples.csproj", "{5A7FD297-61AD-E2F4-F69B-4E3A3426E30D}"
EndProject
Project("{FAE04EC0-301F-11D3-BF4B-00C04F79EFBC}") = "IComparerIEqualityComparerApp", "IComparerIEqualityComparerApp\IComparerIEqualityComparerApp.csproj", "{758625B5-DCCB-41BC-AFE2-51F8DBD75237}"
EndProject
Project("{2150E333-8FDC-42A3-9474-1A3956D46DE8}") = "Unit Test Projects", "Unit Test Projects", "{84E32C5F-41C3-62D4-9E1F-871977EC6E42}"
EndProject
Project("{FAE04EC0-301F-11D3-BF4B-00C04F79EFBC}") = "TestProject1", "TestProject1\TestProject1.csproj", "{79DAD547-9E28-49CC-908D-F650431BC6D7}"
EndProject
Project("{FAE04EC0-301F-11D3-BF4B-00C04F79EFBC}") = "ReadSettingsFromAppsettingsApp", "ReadSettingsFromAppsettingsApp\ReadSettingsFromAppsettingsApp.csproj", "{AF4928E3-F187-4D31-AB47-3BD386F3B24B}"
EndProject
Project("{FAE04EC0-301F-11D3-BF4B-00C04F79EFBC}") = "TeamSettingsLibrary", "TeamSettingsLibrary\TeamSettingsLibrary.csproj", "{8071997F-54D3-4C6A-ADE6-A857FFB93B57}"
EndProject
Project("{FAE04EC0-301F-11D3-BF4B-00C04F79EFBC}") = "GeneratorHumansSample", "GeneratorHumansSample\GeneratorHumansSample.csproj", "{84FDA711-CB2A-4123-9F68-2E1707CE23BF}"
EndProject
Project("{2150E333-8FDC-42A3-9474-1A3956D46DE8}") = "Arrays", "Arrays", "{069FC8DB-04B2-23E4-A270-89C4AE3E5FC5}"
EndProject
Project("{FAE04EC0-301F-11D3-BF4B-00C04F79EFBC}") = "ThreeDimensionalSample", "ThreeDimensionalSample\ThreeDimensionalSample.csproj", "{3F352648-F1D3-4AC5-ACC3-9D500E553765}"
EndProject
Project("{2150E333-8FDC-42A3-9474-1A3956D46DE8}") = "Debugging", "Debugging", "{BB3EAD2D-2593-F891-5B06-6A28D359519E}"
	ProjectSection(SolutionItems) = preProject
		Debug.md = Debug.md
	EndProjectSection
EndProject
Project("{FAE04EC0-301F-11D3-BF4B-00C04F79EFBC}") = "ReleaseServiceApp", "ReleaseServiceApp\ReleaseServiceApp.csproj", "{E57E60CB-F167-A213-AA2C-21E47F4AF9AE}"
EndProject
Project("{FAE04EC0-301F-11D3-BF4B-00C04F79EFBC}") = "ContactsApp", "ContactsApp\ContactsApp.csproj", "{28BD2493-51D6-46C4-B468-F1D9C2528DBD}"
EndProject
Project("{FAE04EC0-301F-11D3-BF4B-00C04F79EFBC}") = "BasicDebugging", "BasicDebugging\BasicDebugging.csproj", "{ED58D4B6-893A-4614-92E8-0F8739F07CEE}"
EndProject
Project("{FAE04EC0-301F-11D3-BF4B-00C04F79EFBC}") = "IComparableApp", "IComparableApp\IComparableApp.csproj", "{943B5DAB-9E3E-425B-9648-916FD26A0CFD}"
EndProject
Project("{2150E333-8FDC-42A3-9474-1A3956D46DE8}") = "Dates", "Dates", "{D2533115-D31F-BA5B-3710-546854EECC7D}"
EndProject
Project("{2150E333-8FDC-42A3-9474-1A3956D46DE8}") = "Class libraries", "Class libraries", "{391D8474-A225-DDB7-8DCF-91645B06B5E1}"
EndProject
Project("{FAE04EC0-301F-11D3-BF4B-00C04F79EFBC}") = "DebuggerLibrary", "DebuggerLibrary\DebuggerLibrary.csproj", "{DF4DE1D4-BD83-47D7-B9C6-D39DF2CB39C0}"
EndProject
Project("{2150E333-8FDC-42A3-9474-1A3956D46DE8}") = "Forms debugging", "Forms debugging", "{1BD6F5E2-1E2D-F57E-BF28-86C43F010039}"
EndProject
Project("{FAE04EC0-301F-11D3-BF4B-00C04F79EFBC}") = "DebuggerWatchesApp", "DebuggerWatchesApp\DebuggerWatchesApp.csproj", "{1FC8B64A-07F9-4C72-BCD4-9FDC9DCC6081}"
EndProject
Project("{2150E333-8FDC-42A3-9474-1A3956D46DE8}") = "Console debugging", "Console debugging", "{A6CED4C1-3B1D-62BD-AD5D-71EFD0D89778}"
EndProject
Project("{FAE04EC0-301F-11D3-BF4B-00C04F79EFBC}") = "WorkingWithDatesAndTime", "WorkingWithDatesAndTime\WorkingWithDatesAndTime.csproj", "{57F6FBCF-DD4C-4978-BE44-2A810857ED96}"
EndProject
Project("{FAE04EC0-301F-11D3-BF4B-00C04F79EFBC}") = "Holidays", "Holidays\Holidays.csproj", "{BF79C3AA-6670-3BFD-A30F-D31E969AB177}"
EndProject
Project("{2150E333-8FDC-42A3-9474-1A3956D46DE8}") = "dotnet tools", "dotnet tools", "{AF5C11D7-20CF-0D6A-D225-97060E0505B9}"
EndProject
Project("{2150E333-8FDC-42A3-9474-1A3956D46DE8}") = "Win forms", "Win forms", "{8731DB7D-B1E3-5E70-6C02-59F7BBD7C2CF}"
EndProject
Project("{2150E333-8FDC-42A3-9474-1A3956D46DE8}") = "Advance", "Advance", "{5BDC294F-9CBE-35D3-C82C-1F2A387F1A38}"
EndProject
Project("{FAE04EC0-301F-11D3-BF4B-00C04F79EFBC}") = "HttpClientApp", "HttpClientApp\HttpClientApp.csproj", "{06FB8072-99E0-4951-98A8-0D88CDCF3BFE}"
EndProject
Global
	GlobalSection(SolutionConfigurationPlatforms) = preSolution
		Debug|Any CPU = Debug|Any CPU
		Release|Any CPU = Release|Any CPU
	EndGlobalSection
	GlobalSection(ProjectConfigurationPlatforms) = postSolution
		{57648A8D-8E68-B818-B86B-08C76C8C3E2D}.Debug|Any CPU.ActiveCfg = Debug|Any CPU
		{57648A8D-8E68-B818-B86B-08C76C8C3E2D}.Debug|Any CPU.Build.0 = Debug|Any CPU
		{57648A8D-8E68-B818-B86B-08C76C8C3E2D}.Release|Any CPU.ActiveCfg = Release|Any CPU
		{57648A8D-8E68-B818-B86B-08C76C8C3E2D}.Release|Any CPU.Build.0 = Release|Any CPU
		{7BD0869D-E986-E050-906F-38F3668DFD88}.Debug|Any CPU.ActiveCfg = Debug|Any CPU
		{7BD0869D-E986-E050-906F-38F3668DFD88}.Debug|Any CPU.Build.0 = Debug|Any CPU
		{7BD0869D-E986-E050-906F-38F3668DFD88}.Release|Any CPU.ActiveCfg = Release|Any CPU
		{7BD0869D-E986-E050-906F-38F3668DFD88}.Release|Any CPU.Build.0 = Release|Any CPU
		{D9FA3FA3-2B8F-DE71-1200-D75B80C6D245}.Debug|Any CPU.ActiveCfg = Debug|Any CPU
		{D9FA3FA3-2B8F-DE71-1200-D75B80C6D245}.Debug|Any CPU.Build.0 = Debug|Any CPU
		{D9FA3FA3-2B8F-DE71-1200-D75B80C6D245}.Release|Any CPU.ActiveCfg = Release|Any CPU
		{D9FA3FA3-2B8F-DE71-1200-D75B80C6D245}.Release|Any CPU.Build.0 = Release|Any CPU
		{DDCA03E2-2BF7-E29B-55B5-4E176BCBCA9E}.Debug|Any CPU.ActiveCfg = Debug|Any CPU
		{DDCA03E2-2BF7-E29B-55B5-4E176BCBCA9E}.Debug|Any CPU.Build.0 = Debug|Any CPU
		{DDCA03E2-2BF7-E29B-55B5-4E176BCBCA9E}.Release|Any CPU.ActiveCfg = Release|Any CPU
		{DDCA03E2-2BF7-E29B-55B5-4E176BCBCA9E}.Release|Any CPU.Build.0 = Release|Any CPU
		{5A7FD297-61AD-E2F4-F69B-4E3A3426E30D}.Debug|Any CPU.ActiveCfg = Debug|Any CPU
		{5A7FD297-61AD-E2F4-F69B-4E3A3426E30D}.Debug|Any CPU.Build.0 = Debug|Any CPU
		{5A7FD297-61AD-E2F4-F69B-4E3A3426E30D}.Release|Any CPU.ActiveCfg = Release|Any CPU
		{5A7FD297-61AD-E2F4-F69B-4E3A3426E30D}.Release|Any CPU.Build.0 = Release|Any CPU
		{758625B5-DCCB-41BC-AFE2-51F8DBD75237}.Debug|Any CPU.ActiveCfg = Debug|Any CPU
		{758625B5-DCCB-41BC-AFE2-51F8DBD75237}.Debug|Any CPU.Build.0 = Debug|Any CPU
		{758625B5-DCCB-41BC-AFE2-51F8DBD75237}.Release|Any CPU.ActiveCfg = Release|Any CPU
		{758625B5-DCCB-41BC-AFE2-51F8DBD75237}.Release|Any CPU.Build.0 = Release|Any CPU
		{79DAD547-9E28-49CC-908D-F650431BC6D7}.Debug|Any CPU.ActiveCfg = Debug|Any CPU
		{79DAD547-9E28-49CC-908D-F650431BC6D7}.Debug|Any CPU.Build.0 = Debug|Any CPU
		{79DAD547-9E28-49CC-908D-F650431BC6D7}.Release|Any CPU.ActiveCfg = Release|Any CPU
		{79DAD547-9E28-49CC-908D-F650431BC6D7}.Release|Any CPU.Build.0 = Release|Any CPU
		{AF4928E3-F187-4D31-AB47-3BD386F3B24B}.Debug|Any CPU.ActiveCfg = Debug|Any CPU
		{AF4928E3-F187-4D31-AB47-3BD386F3B24B}.Debug|Any CPU.Build.0 = Debug|Any CPU
		{AF4928E3-F187-4D31-AB47-3BD386F3B24B}.Release|Any CPU.ActiveCfg = Release|Any CPU
		{AF4928E3-F187-4D31-AB47-3BD386F3B24B}.Release|Any CPU.Build.0 = Release|Any CPU
		{8071997F-54D3-4C6A-ADE6-A857FFB93B57}.Debug|Any CPU.ActiveCfg = Debug|Any CPU
		{8071997F-54D3-4C6A-ADE6-A857FFB93B57}.Debug|Any CPU.Build.0 = Debug|Any CPU
		{8071997F-54D3-4C6A-ADE6-A857FFB93B57}.Release|Any CPU.ActiveCfg = Release|Any CPU
		{8071997F-54D3-4C6A-ADE6-A857FFB93B57}.Release|Any CPU.Build.0 = Release|Any CPU
		{84FDA711-CB2A-4123-9F68-2E1707CE23BF}.Debug|Any CPU.ActiveCfg = Debug|Any CPU
		{84FDA711-CB2A-4123-9F68-2E1707CE23BF}.Debug|Any CPU.Build.0 = Debug|Any CPU
		{84FDA711-CB2A-4123-9F68-2E1707CE23BF}.Release|Any CPU.ActiveCfg = Release|Any CPU
		{84FDA711-CB2A-4123-9F68-2E1707CE23BF}.Release|Any CPU.Build.0 = Release|Any CPU
		{3F352648-F1D3-4AC5-ACC3-9D500E553765}.Debug|Any CPU.ActiveCfg = Debug|Any CPU
		{3F352648-F1D3-4AC5-ACC3-9D500E553765}.Debug|Any CPU.Build.0 = Debug|Any CPU
		{3F352648-F1D3-4AC5-ACC3-9D500E553765}.Release|Any CPU.ActiveCfg = Release|Any CPU
		{3F352648-F1D3-4AC5-ACC3-9D500E553765}.Release|Any CPU.Build.0 = Release|Any CPU
		{E57E60CB-F167-A213-AA2C-21E47F4AF9AE}.Debug|Any CPU.ActiveCfg = Debug|Any CPU
		{E57E60CB-F167-A213-AA2C-21E47F4AF9AE}.Debug|Any CPU.Build.0 = Debug|Any CPU
		{E57E60CB-F167-A213-AA2C-21E47F4AF9AE}.Release|Any CPU.ActiveCfg = Release|Any CPU
		{E57E60CB-F167-A213-AA2C-21E47F4AF9AE}.Release|Any CPU.Build.0 = Release|Any CPU
		{28BD2493-51D6-46C4-B468-F1D9C2528DBD}.Debug|Any CPU.ActiveCfg = Debug|Any CPU
		{28BD2493-51D6-46C4-B468-F1D9C2528DBD}.Debug|Any CPU.Build.0 = Debug|Any CPU
		{28BD2493-51D6-46C4-B468-F1D9C2528DBD}.Release|Any CPU.ActiveCfg = Release|Any CPU
		{28BD2493-51D6-46C4-B468-F1D9C2528DBD}.Release|Any CPU.Build.0 = Release|Any CPU
		{ED58D4B6-893A-4614-92E8-0F8739F07CEE}.Debug|Any CPU.ActiveCfg = Debug|Any CPU
		{ED58D4B6-893A-4614-92E8-0F8739F07CEE}.Debug|Any CPU.Build.0 = Debug|Any CPU
		{ED58D4B6-893A-4614-92E8-0F8739F07CEE}.Release|Any CPU.ActiveCfg = Release|Any CPU
		{ED58D4B6-893A-4614-92E8-0F8739F07CEE}.Release|Any CPU.Build.0 = Release|Any CPU
		{943B5DAB-9E3E-425B-9648-916FD26A0CFD}.Debug|Any CPU.ActiveCfg = Debug|Any CPU
		{943B5DAB-9E3E-425B-9648-916FD26A0CFD}.Debug|Any CPU.Build.0 = Debug|Any CPU
		{943B5DAB-9E3E-425B-9648-916FD26A0CFD}.Release|Any CPU.ActiveCfg = Release|Any CPU
		{943B5DAB-9E3E-425B-9648-916FD26A0CFD}.Release|Any CPU.Build.0 = Release|Any CPU
		{DF4DE1D4-BD83-47D7-B9C6-D39DF2CB39C0}.Debug|Any CPU.ActiveCfg = Debug|Any CPU
		{DF4DE1D4-BD83-47D7-B9C6-D39DF2CB39C0}.Debug|Any CPU.Build.0 = Debug|Any CPU
		{DF4DE1D4-BD83-47D7-B9C6-D39DF2CB39C0}.Release|Any CPU.ActiveCfg = Release|Any CPU
		{DF4DE1D4-BD83-47D7-B9C6-D39DF2CB39C0}.Release|Any CPU.Build.0 = Release|Any CPU
		{1FC8B64A-07F9-4C72-BCD4-9FDC9DCC6081}.Debug|Any CPU.ActiveCfg = Debug|Any CPU
		{1FC8B64A-07F9-4C72-BCD4-9FDC9DCC6081}.Debug|Any CPU.Build.0 = Debug|Any CPU
		{1FC8B64A-07F9-4C72-BCD4-9FDC9DCC6081}.Release|Any CPU.ActiveCfg = Release|Any CPU
		{1FC8B64A-07F9-4C72-BCD4-9FDC9DCC6081}.Release|Any CPU.Build.0 = Release|Any CPU
		{57F6FBCF-DD4C-4978-BE44-2A810857ED96}.Debug|Any CPU.ActiveCfg = Debug|Any CPU
		{57F6FBCF-DD4C-4978-BE44-2A810857ED96}.Debug|Any CPU.Build.0 = Debug|Any CPU
		{57F6FBCF-DD4C-4978-BE44-2A810857ED96}.Release|Any CPU.ActiveCfg = Release|Any CPU
		{57F6FBCF-DD4C-4978-BE44-2A810857ED96}.Release|Any CPU.Build.0 = Release|Any CPU
		{BF79C3AA-6670-3BFD-A30F-D31E969AB177}.Debug|Any CPU.ActiveCfg = Debug|Any CPU
		{BF79C3AA-6670-3BFD-A30F-D31E969AB177}.Debug|Any CPU.Build.0 = Debug|Any CPU
		{BF79C3AA-6670-3BFD-A30F-D31E969AB177}.Release|Any CPU.ActiveCfg = Release|Any CPU
		{BF79C3AA-6670-3BFD-A30F-D31E969AB177}.Release|Any CPU.Build.0 = Release|Any CPU
		{06FB8072-99E0-4951-98A8-0D88CDCF3BFE}.Debug|Any CPU.ActiveCfg = Debug|Any CPU
		{06FB8072-99E0-4951-98A8-0D88CDCF3BFE}.Debug|Any CPU.Build.0 = Debug|Any CPU
		{06FB8072-99E0-4951-98A8-0D88CDCF3BFE}.Release|Any CPU.ActiveCfg = Release|Any CPU
		{06FB8072-99E0-4951-98A8-0D88CDCF3BFE}.Release|Any CPU.Build.0 = Release|Any CPU
	EndGlobalSection
	GlobalSection(SolutionProperties) = preSolution
		HideSolutionNode = FALSE
	EndGlobalSection
	GlobalSection(NestedProjects) = preSolution
		{57648A8D-8E68-B818-B86B-08C76C8C3E2D} = {9D6C0E72-28F9-ACA9-75EC-2FE7E821B664}
		{7BD0869D-E986-E050-906F-38F3668DFD88} = {7B7B800E-F137-767A-B102-F9B4B78D850C}
		{D9FA3FA3-2B8F-DE71-1200-D75B80C6D245} = {7B7B800E-F137-767A-B102-F9B4B78D850C}
		{DDCA03E2-2BF7-E29B-55B5-4E176BCBCA9E} = {7B7B800E-F137-767A-B102-F9B4B78D850C}
		{5A7FD297-61AD-E2F4-F69B-4E3A3426E30D} = {9D6C0E72-28F9-ACA9-75EC-2FE7E821B664}
		{758625B5-DCCB-41BC-AFE2-51F8DBD75237} = {9D6C0E72-28F9-ACA9-75EC-2FE7E821B664}
		{79DAD547-9E28-49CC-908D-F650431BC6D7} = {84E32C5F-41C3-62D4-9E1F-871977EC6E42}
		{AF4928E3-F187-4D31-AB47-3BD386F3B24B} = {9D6C0E72-28F9-ACA9-75EC-2FE7E821B664}
		{8071997F-54D3-4C6A-ADE6-A857FFB93B57} = {7B7B800E-F137-767A-B102-F9B4B78D850C}
		{84FDA711-CB2A-4123-9F68-2E1707CE23BF} = {9D6C0E72-28F9-ACA9-75EC-2FE7E821B664}
		{069FC8DB-04B2-23E4-A270-89C4AE3E5FC5} = {9D6C0E72-28F9-ACA9-75EC-2FE7E821B664}
		{3F352648-F1D3-4AC5-ACC3-9D500E553765} = {069FC8DB-04B2-23E4-A270-89C4AE3E5FC5}
		{E57E60CB-F167-A213-AA2C-21E47F4AF9AE} = {A6CED4C1-3B1D-62BD-AD5D-71EFD0D89778}
		{28BD2493-51D6-46C4-B468-F1D9C2528DBD} = {A6CED4C1-3B1D-62BD-AD5D-71EFD0D89778}
		{ED58D4B6-893A-4614-92E8-0F8739F07CEE} = {A6CED4C1-3B1D-62BD-AD5D-71EFD0D89778}
		{943B5DAB-9E3E-425B-9648-916FD26A0CFD} = {A6CED4C1-3B1D-62BD-AD5D-71EFD0D89778}
		{D2533115-D31F-BA5B-3710-546854EECC7D} = {9D6C0E72-28F9-ACA9-75EC-2FE7E821B664}
		{391D8474-A225-DDB7-8DCF-91645B06B5E1} = {9D6C0E72-28F9-ACA9-75EC-2FE7E821B664}
		{DF4DE1D4-BD83-47D7-B9C6-D39DF2CB39C0} = {391D8474-A225-DDB7-8DCF-91645B06B5E1}
		{1BD6F5E2-1E2D-F57E-BF28-86C43F010039} = {BB3EAD2D-2593-F891-5B06-6A28D359519E}
		{1FC8B64A-07F9-4C72-BCD4-9FDC9DCC6081} = {1BD6F5E2-1E2D-F57E-BF28-86C43F010039}
		{A6CED4C1-3B1D-62BD-AD5D-71EFD0D89778} = {BB3EAD2D-2593-F891-5B06-6A28D359519E}
		{57F6FBCF-DD4C-4978-BE44-2A810857ED96} = {8731DB7D-B1E3-5E70-6C02-59F7BBD7C2CF}
		{BF79C3AA-6670-3BFD-A30F-D31E969AB177} = {AF5C11D7-20CF-0D6A-D225-97060E0505B9}
		{AF5C11D7-20CF-0D6A-D225-97060E0505B9} = {D2533115-D31F-BA5B-3710-546854EECC7D}
		{8731DB7D-B1E3-5E70-6C02-59F7BBD7C2CF} = {D2533115-D31F-BA5B-3710-546854EECC7D}
		{5BDC294F-9CBE-35D3-C82C-1F2A387F1A38} = {9D6C0E72-28F9-ACA9-75EC-2FE7E821B664}
		{06FB8072-99E0-4951-98A8-0D88CDCF3BFE} = {5BDC294F-9CBE-35D3-C82C-1F2A387F1A38}
	EndGlobalSection
	GlobalSection(ExtensibilityGlobals) = postSolution
		SolutionGuid = {B96CB79D-6D7B-4B0C-A00F-CD46EC5D6D4E}
	EndGlobalSection
EndGlobal
